
Microsoft Visual Studio Solution File, Format Version 12.00
# Visual Studio Version 16
VisualStudioVersion = 16.0.31205.134
MinimumVisualStudioVersion = 10.0.40219.1
Project("{FAE04EC0-301F-11D3-BF4B-00C04F79EFBC}") = "SpectatorProject", "SpectatorProject\SpectatorProject.csproj", "{C9185552-0A18-4305-A064-EBF69D7D3BC8}"
EndProject
Global
	GlobalSection(SolutionConfigurationPlatforms) = preSolution
		Debug|Any CPU = Debug|Any CPU
		Release|Any CPU = Release|Any CPU
	EndGlobalSection
	GlobalSection(ProjectConfigurationPlatforms) = postSolution
		{C9185552-0A18-4305-A064-EBF69D7D3BC8}.Debug|Any CPU.ActiveCfg = Debug|Any CPU
		{C9185552-0A18-4305-A064-EBF69D7D3BC8}.Debug|Any CPU.Build.0 = Debug|Any CPU
		{C9185552-0A18-4305-A064-EBF69D7D3BC8}.Release|Any CPU.ActiveCfg = Release|Any CPU
		{C9185552-0A18-4305-A064-EBF69D7D3BC8}.Release|Any CPU.Build.0 = Release|Any CPU
	EndGlobalSection
	GlobalSection(SolutionProperties) = preSolution
		HideSolutionNode = FALSE
	EndGlobalSection
	GlobalSection(ExtensibilityGlobals) = postSolution
		SolutionGuid = {AB6FB28A-AAE3-4886-89D6-9CAEB1326C79}
	EndGlobalSection
EndGlobal
